
Microsoft Visual Studio Solution File, Format Version 12.00
# Visual Studio 15
VisualStudioVersion = 15.0.27428.2015
MinimumVisualStudioVersion = 10.0.40219.1
Project("{FAE04EC0-301F-11D3-BF4B-00C04F79EFBC}") = "HMW_13", "HMW_13\HMW_13.csproj", "{D4F6BFB5-7A78-4971-8447-AF6C91537C91}"
EndProject
Project("{FAE04EC0-301F-11D3-BF4B-00C04F79EFBC}") = "DAL", "..\HMW_11\DAL\DAL.csproj", "{587CD6A7-7C63-4DF9-93AC-9FB8E94B177C}"
EndProject
Global
	GlobalSection(SolutionConfigurationPlatforms) = preSolution
		Debug|Any CPU = Debug|Any CPU
		Release|Any CPU = Release|Any CPU
	EndGlobalSection
	GlobalSection(ProjectConfigurationPlatforms) = postSolution
		{D4F6BFB5-7A78-4971-8447-AF6C91537C91}.Debug|Any CPU.ActiveCfg = Debug|Any CPU
		{D4F6BFB5-7A78-4971-8447-AF6C91537C91}.Debug|Any CPU.Build.0 = Debug|Any CPU
		{D4F6BFB5-7A78-4971-8447-AF6C91537C91}.Release|Any CPU.ActiveCfg = Release|Any CPU
		{D4F6BFB5-7A78-4971-8447-AF6C91537C91}.Release|Any CPU.Build.0 = Release|Any CPU
		{587CD6A7-7C63-4DF9-93AC-9FB8E94B177C}.Debug|Any CPU.ActiveCfg = Debug|Any CPU
		{587CD6A7-7C63-4DF9-93AC-9FB8E94B177C}.Debug|Any CPU.Build.0 = Debug|Any CPU
		{587CD6A7-7C63-4DF9-93AC-9FB8E94B177C}.Release|Any CPU.ActiveCfg = Release|Any CPU
		{587CD6A7-7C63-4DF9-93AC-9FB8E94B177C}.Release|Any CPU.Build.0 = Release|Any CPU
	EndGlobalSection
	GlobalSection(SolutionProperties) = preSolution
		HideSolutionNode = FALSE
	EndGlobalSection
	GlobalSection(ExtensibilityGlobals) = postSolution
		SolutionGuid = {74C4F484-53CA-48F4-96BD-8C5F3337C75B}
	EndGlobalSection
EndGlobal
